
Microsoft Visual Studio Solution File, Format Version 12.00
# Visual Studio Version 17
VisualStudioVersion = 17.14.36203.30 d17.14
MinimumVisualStudioVersion = 10.0.40219.1
Project("{FAE04EC0-301F-11D3-BF4B-00C04F79EFBC}") = "AlbertSession2", "AlbertSession2\AlbertSession2.csproj", "{666304BB-D851-4D0C-8D0B-C2934ABA4812}"
EndProject
Global
	GlobalSection(SolutionConfigurationPlatforms) = preSolution
		Debug|Any CPU = Debug|Any CPU
		Release|Any CPU = Release|Any CPU
	EndGlobalSection
	GlobalSection(ProjectConfigurationPlatforms) = postSolution
		{666304BB-D851-4D0C-8D0B-C2934ABA4812}.Debug|Any CPU.ActiveCfg = Debug|Any CPU
		{666304BB-D851-4D0C-8D0B-C2934ABA4812}.Debug|Any CPU.Build.0 = Debug|Any CPU
		{666304BB-D851-4D0C-8D0B-C2934ABA4812}.Release|Any CPU.ActiveCfg = Release|Any CPU
		{666304BB-D851-4D0C-8D0B-C2934ABA4812}.Release|Any CPU.Build.0 = Release|Any CPU
	EndGlobalSection
	GlobalSection(SolutionProperties) = preSolution
		HideSolutionNode = FALSE
	EndGlobalSection
	GlobalSection(ExtensibilityGlobals) = postSolution
		SolutionGuid = {BE4A580A-3DE4-4465-A3CA-41C79DB2D6EE}
	EndGlobalSection
EndGlobal
