
Microsoft Visual Studio Solution File, Format Version 12.00
# Visual Studio Version 17
VisualStudioVersion = 17.14.36203.30 d17.14
MinimumVisualStudioVersion = 10.0.40219.1
Project("{FAE04EC0-301F-11D3-BF4B-00C04F79EFBC}") = "AESessionFourApi", "AESessionFour\AESessionFourApi.csproj", "{ED08B223-5165-4F0D-805D-16442779EF2F}"
EndProject
Global
	GlobalSection(SolutionConfigurationPlatforms) = preSolution
		Debug|Any CPU = Debug|Any CPU
		Release|Any CPU = Release|Any CPU
	EndGlobalSection
	GlobalSection(ProjectConfigurationPlatforms) = postSolution
		{ED08B223-5165-4F0D-805D-16442779EF2F}.Debug|Any CPU.ActiveCfg = Debug|Any CPU
		{ED08B223-5165-4F0D-805D-16442779EF2F}.Debug|Any CPU.Build.0 = Debug|Any CPU
		{ED08B223-5165-4F0D-805D-16442779EF2F}.Release|Any CPU.ActiveCfg = Release|Any CPU
		{ED08B223-5165-4F0D-805D-16442779EF2F}.Release|Any CPU.Build.0 = Release|Any CPU
	EndGlobalSection
	GlobalSection(SolutionProperties) = preSolution
		HideSolutionNode = FALSE
	EndGlobalSection
	GlobalSection(ExtensibilityGlobals) = postSolution
		SolutionGuid = {333D9306-D241-4684-A0C6-CE1CC6699592}
	EndGlobalSection
EndGlobal
