
Microsoft Visual Studio Solution File, Format Version 12.00
# Visual Studio Version 17
VisualStudioVersion = 17.14.36203.30 d17.14
MinimumVisualStudioVersion = 10.0.40219.1
Project("{FAE04EC0-301F-11D3-BF4B-00C04F79EFBC}") = "AlbertSession2API", "AlbertSession2API\AlbertSession2API.csproj", "{58526123-52D2-4F52-B473-9314909FF42C}"
EndProject
Global
	GlobalSection(SolutionConfigurationPlatforms) = preSolution
		Debug|Any CPU = Debug|Any CPU
		Release|Any CPU = Release|Any CPU
	EndGlobalSection
	GlobalSection(ProjectConfigurationPlatforms) = postSolution
		{58526123-52D2-4F52-B473-9314909FF42C}.Debug|Any CPU.ActiveCfg = Debug|Any CPU
		{58526123-52D2-4F52-B473-9314909FF42C}.Debug|Any CPU.Build.0 = Debug|Any CPU
		{58526123-52D2-4F52-B473-9314909FF42C}.Release|Any CPU.ActiveCfg = Release|Any CPU
		{58526123-52D2-4F52-B473-9314909FF42C}.Release|Any CPU.Build.0 = Release|Any CPU
	EndGlobalSection
	GlobalSection(SolutionProperties) = preSolution
		HideSolutionNode = FALSE
	EndGlobalSection
	GlobalSection(ExtensibilityGlobals) = postSolution
		SolutionGuid = {57C3E289-9807-4D2F-9870-F8FDE51383BF}
	EndGlobalSection
EndGlobal
