
Microsoft Visual Studio Solution File, Format Version 12.00
# Visual Studio Version 17
VisualStudioVersion = 17.14.36203.30 d17.14
MinimumVisualStudioVersion = 10.0.40219.1
Project("{FAE04EC0-301F-11D3-BF4B-00C04F79EFBC}") = "AlbertSessionFive", "AlbertSessionFive\AlbertSessionFive.csproj", "{A71637AA-BA2D-4361-B4D5-B650FA0A790F}"
EndProject
Global
	GlobalSection(SolutionConfigurationPlatforms) = preSolution
		Debug|Any CPU = Debug|Any CPU
		Release|Any CPU = Release|Any CPU
	EndGlobalSection
	GlobalSection(ProjectConfigurationPlatforms) = postSolution
		{A71637AA-BA2D-4361-B4D5-B650FA0A790F}.Debug|Any CPU.ActiveCfg = Debug|Any CPU
		{A71637AA-BA2D-4361-B4D5-B650FA0A790F}.Debug|Any CPU.Build.0 = Debug|Any CPU
		{A71637AA-BA2D-4361-B4D5-B650FA0A790F}.Release|Any CPU.ActiveCfg = Release|Any CPU
		{A71637AA-BA2D-4361-B4D5-B650FA0A790F}.Release|Any CPU.Build.0 = Release|Any CPU
	EndGlobalSection
	GlobalSection(SolutionProperties) = preSolution
		HideSolutionNode = FALSE
	EndGlobalSection
	GlobalSection(ExtensibilityGlobals) = postSolution
		SolutionGuid = {CD355664-E0C9-410E-9148-89CE246EE288}
	EndGlobalSection
EndGlobal
